# Immutable release snapshot: v0.2.14 became live on 2026-07-23 (UTC).
# The date identifies this reproducible network input; it is not a testnet name.
GONKA_SOURCE_REF=release/v0.2.14
GONKA_COMMIT=2bfd85c958732992c7a9c5be1d796affe29f3ab4
GONKA_REPOSITORY=https://github.com/gonka-ai/gonka.git
GONKA_RELEASE=0.2.14
TMKMS_IMAGE=ghcr.io/product-science/tmkms-softsign-with-keygen:0.2.14@sha256:d07537caf5a7cb87d49866cdf2dd7a233b9e0b790771b1a8798b6413f04b2d81
INFERENCED_IMAGE=ghcr.io/product-science/inferenced:0.2.14@sha256:9d0db1ba02d2b661c6e1add1a32467ccd1a23572639d90ded19c3c31d272851e
INFERENCED_OPERATOR_VERSION=0.2.14
INFERENCED_OPERATOR_URL_LINUX_AMD64=https://github.com/gonka-ai/gonka/releases/download/release%2Fv0.2.14/inferenced-linux-amd64.zip
INFERENCED_OPERATOR_SHA256_LINUX_AMD64=16f08aec804a561943f0c93104de137c5081c8ac07237b205605c3683d8da0e0
INFERENCED_OPERATOR_URL_LINUX_ARM64=https://github.com/gonka-ai/gonka/releases/download/release%2Fv0.2.14/inferenced-linux-arm64.zip
INFERENCED_OPERATOR_SHA256_LINUX_ARM64=c1c877eaa20bc2729b854e1e260ba8be0c089541950abaa0ac927b4a9763cd1b
INFERENCED_OPERATOR_URL_DARWIN_AMD64=https://github.com/gonka-ai/gonka/releases/download/release%2Fv0.2.14/inferenced-darwin-amd64.zip
INFERENCED_OPERATOR_SHA256_DARWIN_AMD64=87028edd37d4ee2147116b9d4ef3aa92b3e1fe07cf812138b3d2ed89953691e0
INFERENCED_OPERATOR_URL_DARWIN_ARM64=https://github.com/gonka-ai/gonka/releases/download/release%2Fv0.2.14/inferenced-darwin-arm64.zip
INFERENCED_OPERATOR_SHA256_DARWIN_ARM64=8c23f4ec2a4ccff3e3f019fdc4ba8cf31608faf3e0e29d727bc92a259d2abc5a
DAPI_IMAGE=ghcr.io/product-science/api:0.2.14@sha256:1854484f27313b7b643a60ee723dc7b6aab59c20fd55de25a6694ea31a92d318
# edge-api did not exist at the pinned baseline commit. Keep proxy reads on DAPI.
EDGE_API_ENABLED=false
EDGE_API_IMAGE=disabled
VERSIOND_IMAGE=ghcr.io/product-science/versiond:0.2.14@sha256:70ba2d49c6e9ee6af65cbbb7c9ca3c9b0c09eac200c07e7ab0ddeffbb45951dc
PROXY_IMAGE=ghcr.io/product-science/proxy:0.2.14@sha256:79e21ca2e435e463199a29940b5b93b2088e5b79e4fe5ea44d0dd0843f13da69
MLNODE_GENERIC_IMAGE=ghcr.io/gonka-ai/mlnode:3.0.14-post2@sha256:41d765d1bf2b0f2e1c2aa7b131ff5a5da7a6eaebfe8c3276f67478924e466cd5
MLNODE_PROXY_IMAGE=nginx:1.28.0@sha256:552e7481ca93ffccd046aa658dbbed22caefbc09c66fa7cd247cbb90b8a5c609
BRIDGE_IMAGE=ghcr.io/product-science/bridge:0.2.14-post3@sha256:06f1c8750941cd31c6f46ff037e0b43f71a9ba5a5e4c6b81da8c4d6748af67b5
# A joining Host has four complete epoch transitions after ACTIVE to acquire
# and expose its first chain-computed eligibility result.
GDC_JOIN_EFFECTIVE_EPOCHS=4
GDC_JOIN_EFFECTIVE_TIMEOUT_SECONDS=7200
# A public observer needs a bounded window long enough to see every
# confirmation-PoC phase and the next epoch that applies its result.
GDC_CPOC_PROBE_EPOCHS=4
GDC_CPOC_PROBE_TIMEOUT_SECONDS=7200
GDC_CPOC_PROBE_POLL_SECONDS=2
